
Microsoft Visual Studio Solution File, Format Version 12.00
# Visual Studio Version 16
VisualStudioVersion = 16.0.33130.400
MinimumVisualStudioVersion = 10.0.40219.1
Project("{9A19103F-16F7-4668-BE54-9A1E7A4F7556}") = "UploadImage", "UploadImage.csproj", "{EF7AD2A9-2849-4FC7-ADD7-D3A899BDA0FD}"
EndProject
Global
	GlobalSection(SolutionConfigurationPlatforms) = preSolution
		Debug|Any CPU = Debug|Any CPU
		Release|Any CPU = Release|Any CPU
	EndGlobalSection
	GlobalSection(ProjectConfigurationPlatforms) = postSolution
		{EF7AD2A9-2849-4FC7-ADD7-D3A899BDA0FD}.Debug|Any CPU.ActiveCfg = Debug|Any CPU
		{EF7AD2A9-2849-4FC7-ADD7-D3A899BDA0FD}.Debug|Any CPU.Build.0 = Debug|Any CPU
		{EF7AD2A9-2849-4FC7-ADD7-D3A899BDA0FD}.Release|Any CPU.ActiveCfg = Release|Any CPU
		{EF7AD2A9-2849-4FC7-ADD7-D3A899BDA0FD}.Release|Any CPU.Build.0 = Release|Any CPU
	EndGlobalSection
	GlobalSection(SolutionProperties) = preSolution
		HideSolutionNode = FALSE
	EndGlobalSection
	GlobalSection(ExtensibilityGlobals) = postSolution
		SolutionGuid = {97D5277D-F031-4DFB-B5BD-E2B2C3010A4C}
	EndGlobalSection
EndGlobal
